{
	"name": "@desk-framework/docs",
	"version": "0.0.0",
	"lockfileVersion": 2,
	"requires": true,
	"packages": {
		"": {
			"name": "@desk-framework/docs",
			"version": "0.0.0",
			"hasInstallScript": true,
			"license": "MIT",
			"devDependencies": {
				"@desk-framework/docgen": "file:./docgen",
				"@desk-framework/frame-core": "file:../packages/frame-core",
				"@desk-framework/frame-test": "file:../packages/frame-test",
				"@desk-framework/frame-web": "file:../packages/frame-web"
			}
		},
		"../packages/frame-core": {
			"name": "@desk-framework/frame-core",
			"version": "4.0.0-dev.29",
			"dev": true,
			"license": "MIT",
			"dependencies": {
				"tslib": "^2.6.3"
			},
			"devDependencies": {
				"@desk-framework/frame-test": "file:../frame-test"
			}
		},
		"../packages/frame-core/node_modules/@desk-framework/frame-test": {
			"resolved": "../packages/frame-test",
			"link": true
		},
		"../packages/frame-core/node_modules/tslib": {
			"version": "2.6.3",
			"dev": true,
			"license": "0BSD"
		},
		"../packages/frame-test": {
			"name": "@desk-framework/frame-test",
			"version": "4.0.0-dev.29",
			"dev": true,
			"license": "MIT",
			"devDependencies": {
				"@desk-framework/frame-core": "file:../frame-core"
			},
			"peerDependencies": {
				"@desk-framework/frame-core": "4.0.0-dev.29"
			}
		},
		"../packages/frame-test/node_modules/@desk-framework/frame-core": {
			"resolved": "../packages/frame-core",
			"link": true
		},
		"../packages/frame-web": {
			"name": "@desk-framework/frame-web",
			"version": "4.0.0-dev.29",
			"dev": true,
			"license": "MIT",
			"dependencies": {
				"tslib": "^2.6.3"
			},
			"devDependencies": {
				"@desk-framework/frame-core": "file:../frame-core"
			},
			"peerDependencies": {
				"@desk-framework/frame-core": "4.0.0-dev.29"
			}
		},
		"../packages/frame-web/node_modules/@desk-framework/frame-core": {
			"resolved": "../packages/frame-core",
			"link": true
		},
		"../packages/frame-web/node_modules/tslib": {
			"version": "2.6.3",
			"dev": true,
			"license": "0BSD"
		},
		"docgen": {
			"name": "@desk-framework/docgen",
			"version": "0.0.0",
			"dev": true,
			"license": "MIT",
			"devDependencies": {
				"@types/html-minifier-terser": "^7.0.0",
				"@types/js-yaml": "^4.0.6",
				"@types/marked": "^5.0.1",
				"highlight.js": "^11.8.0",
				"html-entities": "^2.4.0",
				"html-minifier-terser": "^7.2.0",
				"js-yaml": "^4.1.0",
				"marked": "^9.0.3",
				"marked-highlight": "^2.0.6",
				"marked-smartypants": "^1.1.3"
			}
		},
		"docgen/node_modules/@jridgewell/gen-mapping": {
			"version": "0.3.3",
			"dev": true,
			"license": "MIT",
			"dependencies": {
				"@jridgewell/set-array": "^1.0.1",
				"@jridgewell/sourcemap-codec": "^1.4.10",
				"@jridgewell/trace-mapping": "^0.3.9"
			},
			"engines": {
				"node": ">=6.0.0"
			}
		},
		"docgen/node_modules/@jridgewell/resolve-uri": {
			"version": "3.1.1",
			"dev": true,
			"license": "MIT",
			"engines": {
				"node": ">=6.0.0"
			}
		},
		"docgen/node_modules/@jridgewell/set-array": {
			"version": "1.1.2",
			"dev": true,
			"license": "MIT",
			"engines": {
				"node": ">=6.0.0"
			}
		},
		"docgen/node_modules/@jridgewell/source-map": {
			"version": "0.3.5",
			"dev": true,
			"license": "MIT",
			"dependencies": {
				"@jridgewell/gen-mapping": "^0.3.0",
				"@jridgewell/trace-mapping": "^0.3.9"
			}
		},
		"docgen/node_modules/@jridgewell/sourcemap-codec": {
			"version": "1.4.15",
			"dev": true,
			"license": "MIT"
		},
		"docgen/node_modules/@jridgewell/trace-mapping": {
			"version": "0.3.19",
			"dev": true,
			"license": "MIT",
			"dependencies": {
				"@jridgewell/resolve-uri": "^3.1.0",
				"@jridgewell/sourcemap-codec": "^1.4.14"
			}
		},
		"docgen/node_modules/@types/html-minifier-terser": {
			"version": "7.0.0",
			"dev": true,
			"license": "MIT"
		},
		"docgen/node_modules/@types/js-yaml": {
			"version": "4.0.6",
			"dev": true,
			"license": "MIT"
		},
		"docgen/node_modules/@types/marked": {
			"version": "5.0.1",
			"dev": true,
			"license": "MIT"
		},
		"docgen/node_modules/acorn": {
			"version": "8.10.0",
			"dev": true,
			"license": "MIT",
			"bin": {
				"acorn": "bin/acorn"
			},
			"engines": {
				"node": ">=0.4.0"
			}
		},
		"docgen/node_modules/argparse": {
			"version": "2.0.1",
			"dev": true,
			"license": "Python-2.0"
		},
		"docgen/node_modules/buffer-from": {
			"version": "1.1.2",
			"dev": true,
			"license": "MIT"
		},
		"docgen/node_modules/camel-case": {
			"version": "4.1.2",
			"dev": true,
			"license": "MIT",
			"dependencies": {
				"pascal-case": "^3.1.2",
				"tslib": "^2.0.3"
			}
		},
		"docgen/node_modules/clean-css": {
			"version": "5.3.2",
			"dev": true,
			"license": "MIT",
			"dependencies": {
				"source-map": "~0.6.0"
			},
			"engines": {
				"node": ">= 10.0"
			}
		},
		"docgen/node_modules/commander": {
			"version": "10.0.1",
			"dev": true,
			"license": "MIT",
			"engines": {
				"node": ">=14"
			}
		},
		"docgen/node_modules/dot-case": {
			"version": "3.0.4",
			"dev": true,
			"license": "MIT",
			"dependencies": {
				"no-case": "^3.0.4",
				"tslib": "^2.0.3"
			}
		},
		"docgen/node_modules/highlight.js": {
			"version": "11.8.0",
			"dev": true,
			"license": "BSD-3-Clause",
			"engines": {
				"node": ">=12.0.0"
			}
		},
		"docgen/node_modules/html-entities": {
			"version": "2.4.0",
			"dev": true,
			"funding": [
				{
					"type": "github",
					"url": "https://github.com/sponsors/mdevils"
				},
				{
					"type": "patreon",
					"url": "https://patreon.com/mdevils"
				}
			],
			"license": "MIT"
		},
		"docgen/node_modules/html-minifier-terser": {
			"version": "7.2.0",
			"dev": true,
			"license": "MIT",
			"dependencies": {
				"camel-case": "^4.1.2",
				"clean-css": "~5.3.2",
				"commander": "^10.0.0",
				"entities": "^4.4.0",
				"param-case": "^3.0.4",
				"relateurl": "^0.2.7",
				"terser": "^5.15.1"
			},
			"bin": {
				"html-minifier-terser": "cli.js"
			},
			"engines": {
				"node": "^14.13.1 || >=16.0.0"
			}
		},
		"docgen/node_modules/html-minifier-terser/node_modules/entities": {
			"version": "4.5.0",
			"dev": true,
			"license": "BSD-2-Clause",
			"engines": {
				"node": ">=0.12"
			},
			"funding": {
				"url": "https://github.com/fb55/entities?sponsor=1"
			}
		},
		"docgen/node_modules/js-yaml": {
			"version": "4.1.0",
			"dev": true,
			"license": "MIT",
			"dependencies": {
				"argparse": "^2.0.1"
			},
			"bin": {
				"js-yaml": "bin/js-yaml.js"
			}
		},
		"docgen/node_modules/lower-case": {
			"version": "2.0.2",
			"dev": true,
			"license": "MIT",
			"dependencies": {
				"tslib": "^2.0.3"
			}
		},
		"docgen/node_modules/marked": {
			"version": "9.0.3",
			"dev": true,
			"license": "MIT",
			"bin": {
				"marked": "bin/marked.js"
			},
			"engines": {
				"node": ">= 16"
			}
		},
		"docgen/node_modules/marked-highlight": {
			"version": "2.0.6",
			"dev": true,
			"license": "MIT",
			"peerDependencies": {
				"marked": ">=4 <10"
			}
		},
		"docgen/node_modules/marked-smartypants": {
			"version": "1.1.3",
			"dev": true,
			"license": "MIT",
			"dependencies": {
				"smartypants": "^0.2.2"
			},
			"peerDependencies": {
				"marked": ">=4 <10"
			}
		},
		"docgen/node_modules/no-case": {
			"version": "3.0.4",
			"dev": true,
			"license": "MIT",
			"dependencies": {
				"lower-case": "^2.0.2",
				"tslib": "^2.0.3"
			}
		},
		"docgen/node_modules/param-case": {
			"version": "3.0.4",
			"dev": true,
			"license": "MIT",
			"dependencies": {
				"dot-case": "^3.0.4",
				"tslib": "^2.0.3"
			}
		},
		"docgen/node_modules/pascal-case": {
			"version": "3.1.2",
			"dev": true,
			"license": "MIT",
			"dependencies": {
				"no-case": "^3.0.4",
				"tslib": "^2.0.3"
			}
		},
		"docgen/node_modules/relateurl": {
			"version": "0.2.7",
			"dev": true,
			"license": "MIT",
			"engines": {
				"node": ">= 0.10"
			}
		},
		"docgen/node_modules/smartypants": {
			"version": "0.2.2",
			"dev": true,
			"license": "BSD-3-Clause",
			"bin": {
				"smartypants": "bin/smartypants.js",
				"smartypantsu": "bin/smartypantsu.js"
			}
		},
		"docgen/node_modules/source-map": {
			"version": "0.6.1",
			"dev": true,
			"license": "BSD-3-Clause",
			"engines": {
				"node": ">=0.10.0"
			}
		},
		"docgen/node_modules/source-map-support": {
			"version": "0.5.21",
			"dev": true,
			"license": "MIT",
			"dependencies": {
				"buffer-from": "^1.0.0",
				"source-map": "^0.6.0"
			}
		},
		"docgen/node_modules/terser": {
			"version": "5.20.0",
			"dev": true,
			"license": "BSD-2-Clause",
			"dependencies": {
				"@jridgewell/source-map": "^0.3.3",
				"acorn": "^8.8.2",
				"commander": "^2.20.0",
				"source-map-support": "~0.5.20"
			},
			"bin": {
				"terser": "bin/terser"
			},
			"engines": {
				"node": ">=10"
			}
		},
		"docgen/node_modules/terser/node_modules/commander": {
			"version": "2.20.3",
			"dev": true,
			"license": "MIT"
		},
		"docgen/node_modules/tslib": {
			"version": "2.6.2",
			"dev": true,
			"license": "0BSD"
		},
		"node_modules/@desk-framework/docgen": {
			"resolved": "docgen",
			"link": true
		},
		"node_modules/@desk-framework/frame-core": {
			"resolved": "../packages/frame-core",
			"link": true
		},
		"node_modules/@desk-framework/frame-test": {
			"resolved": "../packages/frame-test",
			"link": true
		},
		"node_modules/@desk-framework/frame-web": {
			"resolved": "../packages/frame-web",
			"link": true
		}
	},
	"dependencies": {
		"@desk-framework/docgen": {
			"version": "file:docgen",
			"requires": {
				"@types/html-minifier-terser": "^7.0.0",
				"@types/js-yaml": "^4.0.6",
				"@types/marked": "^5.0.1",
				"highlight.js": "^11.8.0",
				"html-entities": "^2.4.0",
				"html-minifier-terser": "^7.2.0",
				"js-yaml": "^4.1.0",
				"marked": "^9.0.3",
				"marked-highlight": "^2.0.6",
				"marked-smartypants": "^1.1.3"
			},
			"dependencies": {
				"@jridgewell/gen-mapping": {
					"version": "0.3.3",
					"dev": true,
					"requires": {
						"@jridgewell/set-array": "^1.0.1",
						"@jridgewell/sourcemap-codec": "^1.4.10",
						"@jridgewell/trace-mapping": "^0.3.9"
					}
				},
				"@jridgewell/resolve-uri": {
					"version": "3.1.1",
					"dev": true
				},
				"@jridgewell/set-array": {
					"version": "1.1.2",
					"dev": true
				},
				"@jridgewell/source-map": {
					"version": "0.3.5",
					"dev": true,
					"requires": {
						"@jridgewell/gen-mapping": "^0.3.0",
						"@jridgewell/trace-mapping": "^0.3.9"
					}
				},
				"@jridgewell/sourcemap-codec": {
					"version": "1.4.15",
					"dev": true
				},
				"@jridgewell/trace-mapping": {
					"version": "0.3.19",
					"dev": true,
					"requires": {
						"@jridgewell/resolve-uri": "^3.1.0",
						"@jridgewell/sourcemap-codec": "^1.4.14"
					}
				},
				"@types/html-minifier-terser": {
					"version": "7.0.0",
					"dev": true
				},
				"@types/js-yaml": {
					"version": "4.0.6",
					"dev": true
				},
				"@types/marked": {
					"version": "5.0.1",
					"dev": true
				},
				"acorn": {
					"version": "8.10.0",
					"dev": true
				},
				"argparse": {
					"version": "2.0.1",
					"dev": true
				},
				"buffer-from": {
					"version": "1.1.2",
					"dev": true
				},
				"camel-case": {
					"version": "4.1.2",
					"dev": true,
					"requires": {
						"pascal-case": "^3.1.2",
						"tslib": "^2.0.3"
					}
				},
				"clean-css": {
					"version": "5.3.2",
					"dev": true,
					"requires": {
						"source-map": "~0.6.0"
					}
				},
				"commander": {
					"version": "10.0.1",
					"dev": true
				},
				"dot-case": {
					"version": "3.0.4",
					"dev": true,
					"requires": {
						"no-case": "^3.0.4",
						"tslib": "^2.0.3"
					}
				},
				"highlight.js": {
					"version": "11.8.0",
					"dev": true
				},
				"html-entities": {
					"version": "2.4.0",
					"dev": true
				},
				"html-minifier-terser": {
					"version": "7.2.0",
					"dev": true,
					"requires": {
						"camel-case": "^4.1.2",
						"clean-css": "~5.3.2",
						"commander": "^10.0.0",
						"entities": "^4.4.0",
						"param-case": "^3.0.4",
						"relateurl": "^0.2.7",
						"terser": "^5.15.1"
					},
					"dependencies": {
						"entities": {
							"version": "4.5.0",
							"dev": true
						}
					}
				},
				"js-yaml": {
					"version": "4.1.0",
					"dev": true,
					"requires": {
						"argparse": "^2.0.1"
					}
				},
				"lower-case": {
					"version": "2.0.2",
					"dev": true,
					"requires": {
						"tslib": "^2.0.3"
					}
				},
				"marked": {
					"version": "9.0.3",
					"dev": true
				},
				"marked-highlight": {
					"version": "2.0.6",
					"dev": true,
					"requires": {}
				},
				"marked-smartypants": {
					"version": "1.1.3",
					"dev": true,
					"requires": {
						"smartypants": "^0.2.2"
					}
				},
				"no-case": {
					"version": "3.0.4",
					"dev": true,
					"requires": {
						"lower-case": "^2.0.2",
						"tslib": "^2.0.3"
					}
				},
				"param-case": {
					"version": "3.0.4",
					"dev": true,
					"requires": {
						"dot-case": "^3.0.4",
						"tslib": "^2.0.3"
					}
				},
				"pascal-case": {
					"version": "3.1.2",
					"dev": true,
					"requires": {
						"no-case": "^3.0.4",
						"tslib": "^2.0.3"
					}
				},
				"relateurl": {
					"version": "0.2.7",
					"dev": true
				},
				"smartypants": {
					"version": "0.2.2",
					"dev": true
				},
				"source-map": {
					"version": "0.6.1",
					"dev": true
				},
				"source-map-support": {
					"version": "0.5.21",
					"dev": true,
					"requires": {
						"buffer-from": "^1.0.0",
						"source-map": "^0.6.0"
					}
				},
				"terser": {
					"version": "5.20.0",
					"dev": true,
					"requires": {
						"@jridgewell/source-map": "^0.3.3",
						"acorn": "^8.8.2",
						"commander": "^2.20.0",
						"source-map-support": "~0.5.20"
					},
					"dependencies": {
						"commander": {
							"version": "2.20.3",
							"dev": true
						}
					}
				},
				"tslib": {
					"version": "2.6.2",
					"dev": true
				}
			}
		},
		"@desk-framework/frame-core": {
			"version": "file:../packages/frame-core",
			"requires": {
				"@desk-framework/frame-test": "file:../frame-test",
				"tslib": "^2.6.3"
			},
			"dependencies": {
				"@desk-framework/frame-test": {
					"version": "file:../packages/frame-test",
					"requires": {
						"@desk-framework/frame-core": "file:../frame-core"
					}
				},
				"tslib": {
					"version": "2.6.3",
					"dev": true
				}
			}
		},
		"@desk-framework/frame-test": {
			"version": "file:../packages/frame-test",
			"requires": {
				"@desk-framework/frame-core": "file:../frame-core"
			},
			"dependencies": {
				"@desk-framework/frame-core": {
					"version": "file:../packages/frame-core",
					"requires": {
						"@desk-framework/frame-test": "file:../frame-test",
						"tslib": "^2.6.3"
					},
					"dependencies": {
						"tslib": {
							"version": "2.6.3",
							"dev": true
						}
					}
				}
			}
		},
		"@desk-framework/frame-web": {
			"version": "file:../packages/frame-web",
			"requires": {
				"@desk-framework/frame-core": "file:../frame-core",
				"tslib": "^2.6.3"
			},
			"dependencies": {
				"@desk-framework/frame-core": {
					"version": "file:../packages/frame-core",
					"requires": {
						"@desk-framework/frame-test": "file:../frame-test",
						"tslib": "^2.6.3"
					},
					"dependencies": {
						"@desk-framework/frame-test": {
							"version": "file:../packages/frame-test",
							"requires": {
								"@desk-framework/frame-core": "file:../frame-core"
							}
						},
						"tslib": {
							"version": "2.6.3",
							"dev": true
						}
					}
				},
				"tslib": {
					"version": "2.6.3",
					"dev": true
				}
			}
		}
	}
}
